
Microsoft Visual Studio Solution File, Format Version 12.00
# Visual Studio 14
VisualStudioVersion = 14.0.25420.1
MinimumVisualStudioVersion = 10.0.40219.1
Project("{FAE04EC0-301F-11D3-BF4B-00C04F79EFBC}") = "Proyecto", "Proyecto\Proyecto.csproj", "{2C368546-0D89-4649-A5E4-97FAD9C7FC57}"
EndProject
Global
	GlobalSection(SolutionConfigurationPlatforms) = preSolution
		Debug|Any CPU = Debug|Any CPU
		Release|Any CPU = Release|Any CPU
	EndGlobalSection
	GlobalSection(ProjectConfigurationPlatforms) = postSolution
		{2C368546-0D89-4649-A5E4-97FAD9C7FC57}.Debug|Any CPU.ActiveCfg = Debug|Any CPU
		{2C368546-0D89-4649-A5E4-97FAD9C7FC57}.Debug|Any CPU.Build.0 = Debug|Any CPU
		{2C368546-0D89-4649-A5E4-97FAD9C7FC57}.Release|Any CPU.ActiveCfg = Release|Any CPU
		{2C368546-0D89-4649-A5E4-97FAD9C7FC57}.Release|Any CPU.Build.0 = Release|Any CPU
	EndGlobalSection
	GlobalSection(SolutionProperties) = preSolution
		HideSolutionNode = FALSE
	EndGlobalSection
EndGlobal
